
Microsoft Visual Studio Solution File, Format Version 12.00
# Visual Studio 15
VisualStudioVersion = 15.0.33801.198
MinimumVisualStudioVersion = 10.0.40219.1
Project("{FAE04EC0-301F-11D3-BF4B-00C04F79EFBC}") = "Gestion", "Gestion\Gestion.csproj", "{B62AAE1B-823B-405A-80B6-D0930C233B6A}"
EndProject
Global
	GlobalSection(SolutionConfigurationPlatforms) = preSolution
		Debug|Any CPU = Debug|Any CPU
		Release|Any CPU = Release|Any CPU
	EndGlobalSection
	GlobalSection(ProjectConfigurationPlatforms) = postSolution
		{B62AAE1B-823B-405A-80B6-D0930C233B6A}.Debug|Any CPU.ActiveCfg = Debug|Any CPU
		{B62AAE1B-823B-405A-80B6-D0930C233B6A}.Debug|Any CPU.Build.0 = Debug|Any CPU
		{B62AAE1B-823B-405A-80B6-D0930C233B6A}.Release|Any CPU.ActiveCfg = Release|Any CPU
		{B62AAE1B-823B-405A-80B6-D0930C233B6A}.Release|Any CPU.Build.0 = Release|Any CPU
	EndGlobalSection
	GlobalSection(SolutionProperties) = preSolution
		HideSolutionNode = FALSE
	EndGlobalSection
	GlobalSection(ExtensibilityGlobals) = postSolution
		SolutionGuid = {96EB3AF9-74C4-47D7-ADB9-D768B5936E84}
	EndGlobalSection
EndGlobal
